
Microsoft Visual Studio Solution File, Format Version 12.00
# Visual Studio Version 17
VisualStudioVersion = 17.13.35919.96 d17.13
MinimumVisualStudioVersion = 10.0.40219.1
Project("{8BC9CEB8-8B4A-11D0-8D11-00A0C91BC942}") = "Roulette Simulator", "Roulette Simulator\Roulette Simulator.vcxproj", "{57626E51-F5A7-4163-93BE-B698058B7918}"
EndProject
Global
	GlobalSection(SolutionConfigurationPlatforms) = preSolution
		Debug|x64 = Debug|x64
		Debug|x86 = Debug|x86
		Release|x64 = Release|x64
		Release|x86 = Release|x86
	EndGlobalSection
	GlobalSection(ProjectConfigurationPlatforms) = postSolution
		{57626E51-F5A7-4163-93BE-B698058B7918}.Debug|x64.ActiveCfg = Debug|x64
		{57626E51-F5A7-4163-93BE-B698058B7918}.Debug|x64.Build.0 = Debug|x64
		{57626E51-F5A7-4163-93BE-B698058B7918}.Debug|x86.ActiveCfg = Debug|Win32
		{57626E51-F5A7-4163-93BE-B698058B7918}.Debug|x86.Build.0 = Debug|Win32
		{57626E51-F5A7-4163-93BE-B698058B7918}.Release|x64.ActiveCfg = Release|x64
		{57626E51-F5A7-4163-93BE-B698058B7918}.Release|x64.Build.0 = Release|x64
		{57626E51-F5A7-4163-93BE-B698058B7918}.Release|x86.ActiveCfg = Release|Win32
		{57626E51-F5A7-4163-93BE-B698058B7918}.Release|x86.Build.0 = Release|Win32
	EndGlobalSection
	GlobalSection(SolutionProperties) = preSolution
		HideSolutionNode = FALSE
	EndGlobalSection
	GlobalSection(ExtensibilityGlobals) = postSolution
		SolutionGuid = {7925076E-4BDA-4DF7-B33D-A303D2F6E8F3}
	EndGlobalSection
EndGlobal
